{
  "name": "neura-packages",
  "version": "1.0.58",
  "lockfileVersion": 3,
  "requires": true,
  "packages": {
    "": {
      "name": "neura-packages",
      "version": "1.0.58",
      "license": "ISC",
      "dependencies": {
        "neura-packages": "^1.0.50"
      },
      "bin": {
        "neura": "cli.js"
      }
    },
    "node_modules/neura-packages": {
      "version": "1.0.50",
      "resolved": "https://registry.npmjs.org/neura-packages/-/neura-packages-1.0.50.tgz",
      "integrity": "sha512-2Y7GT3GYGaAMReIwCLQWUbGUHJOXnqjFxSieNqOKTKv1oWMl7ETtICU1slKH522XjCmb0PISi2IRlAhPXrE+CQ==",
      "license": "ISC",
      "bin": {
        "neura": "cli.js"
      }
    }
  }
}
